{
  "name": "capacitor-install-referrer",
  "version": "0.0.3",
  "lockfileVersion": 3,
  "requires": true,
  "packages": {
    "": {
      "name": "capacitor-install-referrer",
      "version": "0.0.3",
      "license": "MIT",
      "dependencies": {
        "@capacitor/core": "^5.0.0"
      },
      "devDependencies": {
        "@capacitor/android": "^5.0.0",
        "@capacitor/ios": "^5.0.0",
        "typescript": "^3.2.4"
      }
    },
    "node_modules/@capacitor/android": {
      "version": "5.0.3",
      "resolved": "https://registry.npmjs.org/@capacitor/android/-/android-5.0.3.tgz",
      "integrity": "sha512-jPN6JJUbN2cCrAjP+0Q4gIwIxleFVChZWh+/gsbDDfSpogdpZNwZnriUNxSRTZayL58tUzLHuxpJxY6hsddDrA==",
      "dev": true,
      "peerDependencies": {
        "@capacitor/core": "^5.0.0"
      }
    },
    "node_modules/@capacitor/core": {
      "version": "5.0.3",
      "resolved": "https://registry.npmjs.org/@capacitor/core/-/core-5.0.3.tgz",
      "integrity": "sha512-VxzSoFvoiGDmvlKQMbg7ZZh+w3Z223630kZINDOsbs7UZr5gZws7+m26Y9Oc8n2miI737hE6qOf2VU4H/8Tytg==",
      "dependencies": {
        "tslib": "^2.1.0"
      }
    },
    "node_modules/@capacitor/ios": {
      "version": "5.0.3",
      "resolved": "https://registry.npmjs.org/@capacitor/ios/-/ios-5.0.3.tgz",
      "integrity": "sha512-4U+mfiT0x2oYEJN9NAxcYKdrK4szROMe8SgIiG2lXDG7t7FK1OY4BnB1euZc8c+49VcBSk9x2EiYQg5Nshi5iQ==",
      "dev": true,
      "peerDependencies": {
        "@capacitor/core": "^5.0.0"
      }
    },
    "node_modules/tslib": {
      "version": "2.5.1",
      "license": "0BSD"
    },
    "node_modules/typescript": {
      "version": "3.6.2",
      "dev": true,
      "license": "Apache-2.0",
      "bin": {
        "tsc": "bin/tsc",
        "tsserver": "bin/tsserver"
      },
      "engines": {
        "node": ">=4.2.0"
      }
    }
  }
}
